// !$*UTF8*$!
{
	archiveVersion = 1;
	classes = {
	};
	objectVersion = 46;
	objects = {

/* Begin PBXBuildFile section */
		DC9B8EA919D9908200B0FDEF /* main.m in Sources */ = {isa = PBXBuildFile; fileRef = DC9B8EA819D9908200B0FDEF /* main.m */; };
		DC9B8EAC19D9908200B0FDEF /* AppDelegate.m in Sources */ = {isa = PBXBuildFile; fileRef = DC9B8EAB19D9908200B0FDEF /* AppDelegate.m */; };
		DC9B8EAF19D9908200B0FDEF /* ViewController.m in Sources */ = {isa = PBXBuildFile; fileRef = DC9B8EAE19D9908200B0FDEF /* ViewController.m */; };
		DC9B8EB219D9908200B0FDEF /* Main.storyboard in Resources */ = {isa = PBXBuildFile; fileRef = DC9B8EB019D9908200B0FDEF /* Main.storyboard */; };
		DC9B8EB419D9908200B0FDEF /* Images.xcassets in Resources */ = {isa = PBXBuildFile; fileRef = DC9B8EB319D9908200B0FDEF /* Images.xcassets */; };
		DC9B8EB719D9908200B0FDEF /* LaunchScreen.xib in Resources */ = {isa = PBXBuildFile; fileRef = DC9B8EB519D9908200B0FDEF /* LaunchScreen.xib */; };
		DC9B8EC319D9908200B0FDEF /* iosTestTests.m in Sources */ = {isa = PBXBuildFile; fileRef = DC9B8EC219D9908200B0FDEF /* iosTestTests.m */; };
/* End PBXBuildFile section */

/* Begin PBXContainerItemProxy section */
		DC9B8EBD19D9908200B0FDEF /* PBXContainerItemProxy */ = {
			isa = PBXContainerItemProxy;
			containerPortal = DC9B8E9B19D9908200B0FDEF /* Project object */;
			proxyType = 1;
			remoteGlobalIDString = DC9B8EA219D9908200B0FDEF;
			remoteInfo = iosTest;
		};
/* End PBXContainerItemProxy section */

/* Begin PBXFileReference section */
		DC9B8EA319D9908200B0FDEF /* iosTest.app */ = {isa = PBXFileReference; explicitFileType = wrapper.application; includeInIndex = 0; path = iosTest.app; sourceTree = BUILT_PRODUCTS_DIR; };
		DC9B8EA719D9908200B0FDEF /* Info.plist */ = {isa = PBXFileReference; lastKnownFileType = text.plist.xml; path = Info.plist; sourceTree = "<group>"; };
		DC9B8EA819D9908200B0FDEF /* main.m */ = {isa = PBXFileReference; lastKnownFileType = sourcecode.c.objc; path = main.m; sourceTree = "<group>"; };
		DC9B8EAA19D9908200B0FDEF /* AppDelegate.h */ = {isa = PBXFileReference; lastKnownFileType = sourcecode.c.h; path = AppDelegate.h; sourceTree = "<group>"; };
		DC9B8EAB19D9908200B0FDEF /* AppDelegate.m */ = {isa = PBXFileReference; lastKnownFileType = sourcecode.c.objc; path = AppDelegate.m; sourceTree = "<group>"; };
		DC9B8EAD19D9908200B0FDEF /* ViewController.h */ = {isa = PBXFileReference; lastKnownFileType = sourcecode.c.h; path = ViewController.h; sourceTree = "<group>"; };
		DC9B8EAE19D9908200B0FDEF /* ViewController.m */ = {isa = PBXFileReference; lastKnownFileType = sourcecode.c.objc; path = ViewController.m; sourceTree = "<group>"; };
		DC9B8EB119D9908200B0FDEF /* Base */ = {isa = PBXFileReference; lastKnownFileType = file.storyboard; name = Base; path = Base.lproj/Main.storyboard; sourceTree = "<group>"; };
		DC9B8EB319D9908200B0FDEF /* Images.xcassets */ = {isa = PBXFileReference; lastKnownFileType = folder.assetcatalog; path = Images.xcassets; sourceTree = "<group>"; };
		DC9B8EB619D9908200B0FDEF /* Base */ = {isa = PBXFileReference; lastKnownFileType = file.xib; name = Base; path = Base.lproj/LaunchScreen.xib; sourceTree = "<group>"; };
		DC9B8EBC19D9908200B0FDEF /* iosTestTests.xctest */ = {isa = PBXFileReference; explicitFileType = wrapper.cfbundle; includeInIndex = 0; path = iosTestTests.xctest; sourceTree = BUILT_PRODUCTS_DIR; };
		DC9B8EC119D9908200B0FDEF /* Info.plist */ = {isa = PBXFileReference; lastKnownFileType = text.plist.xml; path = Info.plist; sourceTree = "<group>"; };
		DC9B8EC219D9908200B0FDEF /* iosTestTests.m */ = {isa = PBXFileReference; lastKnownFileType = sourcecode.c.objc; path = iosTestTests.m; sourceTree = "<group>"; };
/* End PBXFileReference section */

/* Begin PBXFrameworksBuildPhase section */
		DC9B8EA019D9908200B0FDEF /* Frameworks */ = {
			isa = PBXFrameworksBuildPhase;
			buildActionMask = 2147483647;
			files = (
			);
			runOnlyForDeploymentPostprocessing = 0;
		};
		DC9B8EB919D9908200B0FDEF /* Frameworks */ = {
			isa = PBXFrameworksBuildPhase;
			buildActionMask = 2147483647;
			files = (
			);
			runOnlyForDeploymentPostprocessing = 0;
		};
/* End PBXFrameworksBuildPhase section */

/* Begin PBXGroup section */
		DC9B8E9A19D9908200B0FDEF = {
			isa = PBXGroup;
			children = (
				DC9B8EA519D9908200B0FDEF /* iosTest */,
				DC9B8EBF19D9908200B0FDEF /* iosTestTests */,
				DC9B8EA419D9908200B0FDEF /* Products */,
			);
			sourceTree = "<group>";
		};
		DC9B8EA419D9908200B0FDEF /* Products */ = {
			isa = PBXGroup;
			children = (
				DC9B8EA319D9908200B0FDEF /* iosTest.app */,
				DC9B8EBC19D9908200B0FDEF /* iosTestTests.xctest */,
			);
			name = Products;
			sourceTree = "<group>";
		};
		DC9B8EA519D9908200B0FDEF /* iosTest */ = {
			isa = PBXGroup;
			children = (
				DC9B8EAA19D9908200B0FDEF /* AppDelegate.h */,
				DC9B8EAB19D9908200B0FDEF /* AppDelegate.m */,
				DC9B8EAD19D9908200B0FDEF /* ViewController.h */,
				DC9B8EAE19D9908200B0FDEF /* ViewController.m */,
				DC9B8EB019D9908200B0FDEF /* Main.storyboard */,
				DC9B8EB319D9908200B0FDEF /* Images.xcassets */,
				DC9B8EB519D9908200B0FDEF /* LaunchScreen.xib */,
				DC9B8EA619D9908200B0FDEF /* Supporting Files */,
			);
			path = iosTest;
			sourceTree = "<group>";
		};
		DC9B8EA619D9908200B0FDEF /* Supporting Files */ = {
			isa = PBXGroup;
			children = (
				DC9B8EA719D9908200B0FDEF /* Info.plist */,
				DC9B8EA819D9908200B0FDEF /* main.m */,
			);
			name = "Supporting Files";
			sourceTree = "<group>";
		};
		DC9B8EBF19D9908200B0FDEF /* iosTestTests */ = {
			isa = PBXGroup;
			children = (
				DC9B8EC219D9908200B0FDEF /* iosTestTests.m */,
				DC9B8EC019D9908200B0FDEF /* Supporting Files */,
			);
			path = iosTestTests;
			sourceTree = "<group>";
		};
		DC9B8EC019D9908200B0FDEF /* Supporting Files */ = {
			isa = PBXGroup;
			children = (
				DC9B8EC119D9908200B0FDEF /* Info.plist */,
			);
			name = "Supporting Files";
			sourceTree = "<group>";
		};
/* End PBXGroup section */

/* Begin PBXNativeTarget section */
		DC9B8EA219D9908200B0FDEF /* iosTest */ = {
			isa = PBXNativeTarget;
			buildConfigurationList = DC9B8EC619D9908200B0FDEF /* Build configuration list for PBXNativeTarget "iosTest" */;
			buildPhases = (
				DC9B8E9F19D9908200B0FDEF /* Sources */,
				DC9B8EA019D9908200B0FDEF /* Frameworks */,
				DC9B8EA119D9908200B0FDEF /* Resources */,
			);
			buildRules = (
			);
			dependencies = (
			);
			name = iosTest;
			productName = iosTest;
			productReference = DC9B8EA319D9908200B0FDEF /* iosTest.app */;
			productType = "com.apple.product-type.application";
		};
		DC9B8EBB19D9908200B0FDEF /* iosTestTests */ = {
			isa = PBXNativeTarget;
			buildConfigurationList = DC9B8EC919D9908200B0FDEF /* Build configuration list for PBXNativeTarget "iosTestTests" */;
			buildPhases = (
				DC9B8EB819D9908200B0FDEF /* Sources */,
				DC9B8EB919D9908200B0FDEF /* Frameworks */,
				DC9B8EBA19D9908200B0FDEF /* Resources */,
			);
			buildRules = (
			);
			dependencies = (
				DC9B8EBE19D9908200B0FDEF /* PBXTargetDependency */,
			);
			name = iosTestTests;
			productName = iosTestTests;
			productReference = DC9B8EBC19D9908200B0FDEF /* iosTestTests.xctest */;
			productType = "com.apple.product-type.bundle.unit-test";
		};
/* End PBXNativeTarget section */

/* Begin PBXProject section */
		DC9B8E9B19D9908200B0FDEF /* Project object */ = {
			isa = PBXProject;
			attributes = {
				LastUpgradeCheck = 0600;
				ORGANIZATIONNAME = "Houssein Ben Amor";
				TargetAttributes = {
					DC9B8EA219D9908200B0FDEF = {
						CreatedOnToolsVersion = 6.0.1;
					};
					DC9B8EBB19D9908200B0FDEF = {
						CreatedOnToolsVersion = 6.0.1;
						TestTargetID = DC9B8EA219D9908200B0FDEF;
					};
				};
			};
			buildConfigurationList = DC9B8E9E19D9908200B0FDEF /* Build configuration list for PBXProject "iosTest" */;
			compatibilityVersion = "Xcode 3.2";
			developmentRegion = English;
			hasScannedForEncodings = 0;
			knownRegions = (
				en,
				Base,
			);
			mainGroup = DC9B8E9A19D9908200B0FDEF;
			productRefGroup = DC9B8EA419D9908200B0FDEF /* Products */;
			projectDirPath = "";
			projectRoot = "";
			targets = (
				DC9B8EA219D9908200B0FDEF /* iosTest */,
				DC9B8EBB19D9908200B0FDEF /* iosTestTests */,
			);
		};
/* End PBXProject section */

/* Begin PBXResourcesBuildPhase section */
		DC9B8EA119D9908200B0FDEF /* Resources */ = {
			isa = PBXResourcesBuildPhase;
			buildActionMask = 2147483647;
			files = (
				DC9B8EB219D9908200B0FDEF /* Main.storyboard in Resources */,
				DC9B8EB719D9908200B0FDEF /* LaunchScreen.xib in Resources */,
				DC9B8EB419D9908200B0FDEF /* Images.xcassets in Resources */,
			);
			runOnlyForDeploymentPostprocessing = 0;
		};
		DC9B8EBA19D9908200B0FDEF /* Resources */ = {
			isa = PBXResourcesBuildPhase;
			buildActionMask = 2147483647;
			files = (
			);
			runOnlyForDeploymentPostprocessing = 0;
		};
/* End PBXResourcesBuildPhase section */

/* Begin PBXSourcesBuildPhase section */
		DC9B8E9F19D9908200B0FDEF /* Sources */ = {
			isa = PBXSourcesBuildPhase;
			buildActionMask = 2147483647;
			files = (
				DC9B8EAF19D9908200B0FDEF /* ViewController.m in Sources */,
				DC9B8EAC19D9908200B0FDEF /* AppDelegate.m in Sources */,
				DC9B8EA919D9908200B0FDEF /* main.m in Sources */,
			);
			runOnlyForDeploymentPostprocessing = 0;
		};
		DC9B8EB819D9908200B0FDEF /* Sources */ = {
			isa = PBXSourcesBuildPhase;
			buildActionMask = 2147483647;
			files = (
				DC9B8EC319D9908200B0FDEF /* iosTestTests.m in Sources */,
			);
			runOnlyForDeploymentPostprocessing = 0;
		};
/* End PBXSourcesBuildPhase section */

/* Begin PBXTargetDependency section */
		DC9B8EBE19D9908200B0FDEF /* PBXTargetDependency */ = {
			isa = PBXTargetDependency;
			target = DC9B8EA219D9908200B0FDEF /* iosTest */;
			targetProxy = DC9B8EBD19D9908200B0FDEF /* PBXContainerItemProxy */;
		};
/* End PBXTargetDependency section */

/* Begin PBXVariantGroup section */
		DC9B8EB019D9908200B0FDEF /* Main.storyboard */ = {
			isa = PBXVariantGroup;
			children = (
				DC9B8EB119D9908200B0FDEF /* Base */,
			);
			name = Main.storyboard;
			sourceTree = "<group>";
		};
		DC9B8EB519D9908200B0FDEF /* LaunchScreen.xib */ = {
			isa = PBXVariantGroup;
			children = (
				DC9B8EB619D9908200B0FDEF /* Base */,
			);
			name = LaunchScreen.xib;
			sourceTree = "<group>";
		};
/* End PBXVariantGroup section */

/* Begin XCBuildConfiguration section */
		DC9B8EC419D9908200B0FDEF /* Debug */ = {
			isa = XCBuildConfiguration;
			buildSettings = {
				ALWAYS_SEARCH_USER_PATHS = NO;
				CLANG_CXX_LANGUAGE_STANDARD = "gnu++0x";
				CLANG_CXX_LIBRARY = "libc++";
				CLANG_ENABLE_MODULES = YES;
				CLANG_ENABLE_OBJC_ARC = YES;
				CLANG_WARN_BOOL_CONVERSION = YES;
				CLANG_WARN_CONSTANT_CONVERSION = YES;
				CLANG_WARN_DIRECT_OBJC_ISA_USAGE = YES_ERROR;
				CLANG_WARN_EMPTY_BODY = YES;
				CLANG_WARN_ENUM_CONVERSION = YES;
				CLANG_WARN_INT_CONVERSION = YES;
				CLANG_WARN_OBJC_ROOT_CLASS = YES_ERROR;
				CLANG_WARN_UNREACHABLE_CODE = YES;
				CLANG_WARN__DUPLICATE_METHOD_MATCH = YES;
				"CODE_SIGN_IDENTITY[sdk=iphoneos*]" = "iPhone Developer";
				COPY_PHASE_STRIP = NO;
				ENABLE_STRICT_OBJC_MSGSEND = YES;
				GCC_C_LANGUAGE_STANDARD = gnu99;
				GCC_DYNAMIC_NO_PIC = NO;
				GCC_OPTIMIZATION_LEVEL = 0;
				GCC_PREPROCESSOR_DEFINITIONS = (
					"DEBUG=1",
					"$(inherited)",
				);
				GCC_SYMBOLS_PRIVATE_EXTERN = NO;
				GCC_WARN_64_TO_32_BIT_CONVERSION = YES;
				GCC_WARN_ABOUT_RETURN_TYPE = YES_ERROR;
				GCC_WARN_UNDECLARED_SELECTOR = YES;
				GCC_WARN_UNINITIALIZED_AUTOS = YES_AGGRESSIVE;
				GCC_WARN_UNUSED_FUNCTION = YES;
				GCC_WARN_UNUSED_VARIABLE = YES;
				IPHONEOS_DEPLOYMENT_TARGET = 8.0;
				MTL_ENABLE_DEBUG_INFO = YES;
				ONLY_ACTIVE_ARCH = YES;
				SDKROOT = iphoneos;
				TARGETED_DEVICE_FAMILY = "1,2";
			};
			name = Debug;
		};
		DC9B8EC519D9908200B0FDEF /* Release */ = {
			isa = XCBuildConfiguration;
			buildSettings = {
				ALWAYS_SEARCH_USER_PATHS = NO;
				CLANG_CXX_LANGUAGE_STANDARD = "gnu++0x";
				CLANG_CXX_LIBRARY = "libc++";
				CLANG_ENABLE_MODULES = YES;
				CLANG_ENABLE_OBJC_ARC = YES;
				CLANG_WARN_BOOL_CONVERSION = YES;
				CLANG_WARN_CONSTANT_CONVERSION = YES;
				CLANG_WARN_DIRECT_OBJC_ISA_USAGE = YES_ERROR;
				CLANG_WARN_EMPTY_BODY = YES;
				CLANG_WARN_ENUM_CONVERSION = YES;
				CLANG_WARN_INT_CONVERSION = YES;
				CLANG_WARN_OBJC_ROOT_CLASS = YES_ERROR;
				CLANG_WARN_UNREACHABLE_CODE = YES;
				CLANG_WARN__DUPLICATE_METHOD_MATCH = YES;
				"CODE_SIGN_IDENTITY[sdk=iphoneos*]" = "iPhone Developer";
				COPY_PHASE_STRIP = YES;
				ENABLE_NS_ASSERTIONS = NO;
				ENABLE_STRICT_OBJC_MSGSEND = YES;
				GCC_C_LANGUAGE_STANDARD = gnu99;
				GCC_WARN_64_TO_32_BIT_CONVERSION = YES;
				GCC_WARN_ABOUT_RETURN_TYPE = YES_ERROR;
				GCC_WARN_UNDECLARED_SELECTOR = YES;
				GCC_WARN_UNINITIALIZED_AUTOS = YES_AGGRESSIVE;
				GCC_WARN_UNUSED_FUNCTION = YES;
				GCC_WARN_UNUSED_VARIABLE = YES;
				IPHONEOS_DEPLOYMENT_TARGET = 8.0;
				MTL_ENABLE_DEBUG_INFO = NO;
				SDKROOT = iphoneos;
				TARGETED_DEVICE_FAMILY = "1,2";
				VALIDATE_PRODUCT = YES;
			};
			name = Release;
		};
		DC9B8EC719D9908200B0FDEF /* Debug */ = {
			isa = XCBuildConfiguration;
			buildSettings = {
				ASSETCATALOG_COMPILER_APPICON_NAME = AppIcon;
				INFOPLIST_FILE = iosTest/Info.plist;
				LD_RUNPATH_SEARCH_PATHS = "$(inherited) @executable_path/Frameworks";
				PRODUCT_NAME = "$(TARGET_NAME)";
			};
			name = Debug;
		};
		DC9B8EC819D9908200B0FDEF /* Release */ = {
			isa = XCBuildConfiguration;
			buildSettings = {
				ASSETCATALOG_COMPILER_APPICON_NAME = AppIcon;
				INFOPLIST_FILE = iosTest/Info.plist;
				LD_RUNPATH_SEARCH_PATHS = "$(inherited) @executable_path/Frameworks";
				PRODUCT_NAME = "$(TARGET_NAME)";
			};
			name = Release;
		};
		DC9B8ECA19D9908200B0FDEF /* Debug */ = {
			isa = XCBuildConfiguration;
			buildSettings = {
				BUNDLE_LOADER = "$(TEST_HOST)";
				FRAMEWORK_SEARCH_PATHS = (
					"$(SDKROOT)/Developer/Library/Frameworks",
					"$(inherited)",
				);
				GCC_PREPROCESSOR_DEFINITIONS = (
					"DEBUG=1",
					"$(inherited)",
				);
				INFOPLIST_FILE = iosTestTests/Info.plist;
				LD_RUNPATH_SEARCH_PATHS = "$(inherited) @executable_path/Frameworks @loader_path/Frameworks";
				PRODUCT_NAME = "$(TARGET_NAME)";
				TEST_HOST = "$(BUILT_PRODUCTS_DIR)/iosTest.app/iosTest";
			};
			name = Debug;
		};
		DC9B8ECB19D9908200B0FDEF /* Release */ = {
			isa = XCBuildConfiguration;
			buildSettings = {
				BUNDLE_LOADER = "$(TEST_HOST)";
				FRAMEWORK_SEARCH_PATHS = (
					"$(SDKROOT)/Developer/Library/Frameworks",
					"$(inherited)",
				);
				INFOPLIST_FILE = iosTestTests/Info.plist;
				LD_RUNPATH_SEARCH_PATHS = "$(inherited) @executable_path/Frameworks @loader_path/Frameworks";
				PRODUCT_NAME = "$(TARGET_NAME)";
				TEST_HOST = "$(BUILT_PRODUCTS_DIR)/iosTest.app/iosTest";
			};
			name = Release;
		};
/* End XCBuildConfiguration section */

/* Begin XCConfigurationList section */
		DC9B8E9E19D9908200B0FDEF /* Build configuration list for PBXProject "iosTest" */ = {
			isa = XCConfigurationList;
			buildConfigurations = (
				DC9B8EC419D9908200B0FDEF /* Debug */,
				DC9B8EC519D9908200B0FDEF /* Release */,
			);
			defaultConfigurationIsVisible = 0;
			defaultConfigurationName = Release;
		};
		DC9B8EC619D9908200B0FDEF /* Build configuration list for PBXNativeTarget "iosTest" */ = {
			isa = XCConfigurationList;
			buildConfigurations = (
				DC9B8EC719D9908200B0FDEF /* Debug */,
				DC9B8EC819D9908200B0FDEF /* Release */,
			);
			defaultConfigurationIsVisible = 0;
		};
		DC9B8EC919D9908200B0FDEF /* Build configuration list for PBXNativeTarget "iosTestTests" */ = {
			isa = XCConfigurationList;
			buildConfigurations = (
				DC9B8ECA19D9908200B0FDEF /* Debug */,
				DC9B8ECB19D9908200B0FDEF /* Release */,
			);
			defaultConfigurationIsVisible = 0;
		};
/* End XCConfigurationList section */
	};
	rootObject = DC9B8E9B19D9908200B0FDEF /* Project object */;
}
